
Microsoft Visual Studio Solution File, Format Version 12.00
# Visual Studio Version 17
VisualStudioVersion = 17.8.34330.188
MinimumVisualStudioVersion = 10.0.40219.1
Project("{FAE04EC0-301F-11D3-BF4B-00C04F79EFBC}") = "Expense", "Expense\Expense.csproj", "{741DD981-1556-4004-9C52-B6F1E782BEBC}"
EndProject
Global
	GlobalSection(SolutionConfigurationPlatforms) = preSolution
		Debug|Any CPU = Debug|Any CPU
		Release|Any CPU = Release|Any CPU
	EndGlobalSection
	GlobalSection(ProjectConfigurationPlatforms) = postSolution
		{741DD981-1556-4004-9C52-B6F1E782BEBC}.Debug|Any CPU.ActiveCfg = Debug|Any CPU
		{741DD981-1556-4004-9C52-B6F1E782BEBC}.Debug|Any CPU.Build.0 = Debug|Any CPU
		{741DD981-1556-4004-9C52-B6F1E782BEBC}.Release|Any CPU.ActiveCfg = Release|Any CPU
		{741DD981-1556-4004-9C52-B6F1E782BEBC}.Release|Any CPU.Build.0 = Release|Any CPU
	EndGlobalSection
	GlobalSection(SolutionProperties) = preSolution
		HideSolutionNode = FALSE
	EndGlobalSection
	GlobalSection(ExtensibilityGlobals) = postSolution
		SolutionGuid = {B72895CD-35D7-4F6C-A7B3-0DBD44953267}
	EndGlobalSection
EndGlobal
